<?xml version="1.0" encoding="utf-8"?>
<Project ToolsVersion="4.0" xmlns="http://schemas.microsoft.com/developer/msbuild/2003">
  <ItemGroup>
    <Filter Include="リソース ファイル">
      <UniqueIdentifier>{67DA6AB6-F800-4c08-8B7A-83BB121AAD01}</UniqueIdentifier>
      <Extensions>rc;ico;cur;bmp;dlg;rc2;rct;bin;rgs;gif;jpg;jpeg;jpe;resx;tiff;tif;png;wav;mfcribbon-ms</Extensions>
    </Filter>
    <Filter Include="LIB">
      <UniqueIdentifier>{113049ad-8f97-405e-b7fa-c2eb0d7c72af}</UniqueIdentifier>
    </Filter>
    <Filter Include="GE">
      <UniqueIdentifier>{e0294728-b669-4576-bbe8-b27e38689412}</UniqueIdentifier>
    </Filter>
    <Filter Include="MyPG">
      <UniqueIdentifier>{b647d201-8c7c-4a86-b3a0-22febd645a02}</UniqueIdentifier>
    </Filter>
    <Filter Include="LIB\DG2014">
      <UniqueIdentifier>{d7b72f2d-ce20-4a7b-a5c7-094a09309868}</UniqueIdentifier>
    </Filter>
    <Filter Include="LIB\DG2014\Mesh">
      <UniqueIdentifier>{56d93198-54a8-4d9f-9c63-bb879f760929}</UniqueIdentifier>
    </Filter>
    <Filter Include="LIB\DG2014\Base">
      <UniqueIdentifier>{ba024894-c1cb-4329-8346-bcd2aaefd671}</UniqueIdentifier>
    </Filter>
    <Filter Include="LIB\DG2014\Image">
      <UniqueIdentifier>{bf9539db-f2be-4d64-b289-6430eaa94e52}</UniqueIdentifier>
    </Filter>
    <Filter Include="LIB\DG2014\Effect">
      <UniqueIdentifier>{03445765-e85d-46d1-82ee-3157901d40fc}</UniqueIdentifier>
    </Filter>
    <Filter Include="LIB\DG2014\Font">
      <UniqueIdentifier>{b2e4e8df-22cb-4bce-98c5-89e914fb842d}</UniqueIdentifier>
    </Filter>
    <Filter Include="LIB\DG2014\Object">
      <UniqueIdentifier>{71aa57be-00e9-420b-b6f7-c1f785276368}</UniqueIdentifier>
    </Filter>
    <Filter Include="LIB\DI2014">
      <UniqueIdentifier>{5862f99e-0b18-46c5-8c66-f794bd25d4b0}</UniqueIdentifier>
    </Filter>
    <Filter Include="MyPG\Tasks">
      <UniqueIdentifier>{4721d42f-e82c-4cec-9cb0-53db628948c4}</UniqueIdentifier>
    </Filter>
    <Filter Include="MyPG\Tasks\Title">
      <UniqueIdentifier>{155b2954-c92b-418c-b9e8-7aa8ffbfeb09}</UniqueIdentifier>
    </Filter>
    <Filter Include="MyPG\Tasks\Game">
      <UniqueIdentifier>{604b49e1-b1ab-40cb-9b81-63ecfbae15a2}</UniqueIdentifier>
    </Filter>
    <Filter Include="MyPG\Tasks\Etc">
      <UniqueIdentifier>{5026e2e3-6768-409e-8fcd-851b3cc97b6a}</UniqueIdentifier>
    </Filter>
    <Filter Include="MyPG\Tasks\Game\Enemy">
      <UniqueIdentifier>{c8374a2f-f940-4fc5-9312-fb7ebe901857}</UniqueIdentifier>
    </Filter>
  </ItemGroup>
  <ItemGroup>
    <ClCompile Include="myLib.cpp">
      <Filter>LIB</Filter>
    </ClCompile>
    <ClCompile Include="DG2014\DG2014_Mesh.cpp">
      <Filter>LIB\DG2014\Mesh</Filter>
    </ClCompile>
    <ClCompile Include="DG2014\DG2014_Texture.cpp">
      <Filter>LIB\DG2014\Image</Filter>
    </ClCompile>
    <ClCompile Include="DG2014\DG2014_VertexBuffer.cpp">
      <Filter>LIB\DG2014\Base</Filter>
    </ClCompile>
    <ClCompile Include="DG2014\DG2014_VertexContainer.cpp">
      <Filter>LIB\DG2014\Base</Filter>
    </ClCompile>
    <ClCompile Include="DG2014\DG2014_IndexBuffer.cpp">
      <Filter>LIB\DG2014\Base</Filter>
    </ClCompile>
    <ClCompile Include="DG2014\DG2014_InputLayout.cpp">
      <Filter>LIB\DG2014\Base</Filter>
    </ClCompile>
    <ClCompile Include="DG2014\DG2014_Image.cpp">
      <Filter>LIB\DG2014\Image</Filter>
    </ClCompile>
    <ClCompile Include="DG2014\DG2014_Effect.cpp">
      <Filter>LIB\DG2014\Effect</Filter>
    </ClCompile>
    <ClCompile Include="DG2014\DG2014_Font.cpp">
      <Filter>LIB\DG2014\Font</Filter>
    </ClCompile>
    <ClCompile Include="DG2014\DG2014_DGObject.cpp">
      <Filter>LIB\DG2014\Object</Filter>
    </ClCompile>
    <ClCompile Include="DG2014\DG2014_MeshSOBFile.cpp">
      <Filter>LIB\DG2014\Mesh</Filter>
    </ClCompile>
    <ClCompile Include="xnacollision.cpp">
      <Filter>LIB</Filter>
    </ClCompile>
    <ClCompile Include="WinMain.cpp">
      <Filter>MyPG</Filter>
    </ClCompile>
    <ClCompile Include="MyPG.cpp">
      <Filter>MyPG</Filter>
    </ClCompile>
    <ClCompile Include="DG2014\DG2014_Ver3_51.cpp">
      <Filter>LIB\DG2014</Filter>
    </ClCompile>
    <ClCompile Include="DI2014_Ver3_4.cpp">
      <Filter>LIB\DI2014</Filter>
    </ClCompile>
    <ClCompile Include="GameEngine_Ver3_7.cpp">
      <Filter>GE</Filter>
    </ClCompile>
    <ClCompile Include="Task_Title.cpp">
      <Filter>MyPG\Tasks\Title</Filter>
    </ClCompile>
    <ClCompile Include="Task_GameBG.cpp">
      <Filter>MyPG\Tasks\Game</Filter>
    </ClCompile>
    <ClCompile Include="Task_Game.cpp">
      <Filter>MyPG\Tasks\Game</Filter>
    </ClCompile>
    <ClCompile Include="Task_Player.cpp">
      <Filter>MyPG\Tasks\Game</Filter>
    </ClCompile>
    <ClCompile Include="BChara.cpp">
      <Filter>MyPG\Tasks\Game</Filter>
    </ClCompile>
    <ClCompile Include="Task_Shot.cpp">
      <Filter>MyPG\Tasks\Game</Filter>
    </ClCompile>
    <ClCompile Include="Task_DeathEnemy.cpp">
      <Filter>MyPG\Tasks\Game</Filter>
    </ClCompile>
    <ClCompile Include="EChara.cpp">
      <Filter>MyPG\Tasks\Game</Filter>
    </ClCompile>
    <ClCompile Include="ImageManager.cpp">
      <Filter>MyPG\Tasks\Etc</Filter>
    </ClCompile>
    <ClCompile Include="Task_Enemy_Itigo.cpp">
      <Filter>MyPG\Tasks\Game\Enemy</Filter>
    </ClCompile>
    <ClCompile Include="Task_EnemyManager.cpp">
      <Filter>MyPG\Tasks\Game\Enemy</Filter>
    </ClCompile>
  </ItemGroup>
  <ItemGroup>
    <ClInclude Include="myLib.h">
      <Filter>LIB</Filter>
    </ClInclude>
    <ClInclude Include="EFile.h">
      <Filter>LIB</Filter>
    </ClInclude>
    <ClInclude Include="DG2014\DG2014_Mesh.h">
      <Filter>LIB\DG2014\Mesh</Filter>
    </ClInclude>
    <ClInclude Include="DG2014\DG2014_Texture.h">
      <Filter>LIB\DG2014\Image</Filter>
    </ClInclude>
    <ClInclude Include="DG2014\DG2014_VertexBuffer.h">
      <Filter>LIB\DG2014\Base</Filter>
    </ClInclude>
    <ClInclude Include="DG2014\DG2014_VertexContainer.h">
      <Filter>LIB\DG2014\Base</Filter>
    </ClInclude>
    <ClInclude Include="DG2014\DG2014_IndexBuffer.h">
      <Filter>LIB\DG2014\Base</Filter>
    </ClInclude>
    <ClInclude Include="DG2014\DG2014_InputLayout.h">
      <Filter>LIB\DG2014\Base</Filter>
    </ClInclude>
    <ClInclude Include="DG2014\DG2014_Image.h">
      <Filter>LIB\DG2014\Image</Filter>
    </ClInclude>
    <ClInclude Include="DG2014\DG2014_Effect.h">
      <Filter>LIB\DG2014\Effect</Filter>
    </ClInclude>
    <ClInclude Include="DG2014\DG2014_Font.h">
      <Filter>LIB\DG2014\Font</Filter>
    </ClInclude>
    <ClInclude Include="DG2014\DG2014_DGObject.h">
      <Filter>LIB\DG2014\Object</Filter>
    </ClInclude>
    <ClInclude Include="xnacollision.h">
      <Filter>LIB</Filter>
    </ClInclude>
    <ClInclude Include="MyPG.h">
      <Filter>MyPG</Filter>
    </ClInclude>
    <ClInclude Include="DG2014\DG2014_Ver3_51.h">
      <Filter>LIB\DG2014</Filter>
    </ClInclude>
    <ClInclude Include="DI2014_Ver3_4.h">
      <Filter>LIB\DI2014</Filter>
    </ClInclude>
    <ClInclude Include="GameEngine_Ver3_7.h">
      <Filter>GE</Filter>
    </ClInclude>
    <ClInclude Include="Task_Title.h">
      <Filter>MyPG\Tasks\Title</Filter>
    </ClInclude>
    <ClInclude Include="Task_GameBG.h">
      <Filter>MyPG\Tasks\Game</Filter>
    </ClInclude>
    <ClInclude Include="Task_Game.h">
      <Filter>MyPG\Tasks\Game</Filter>
    </ClInclude>
    <ClInclude Include="Task_Player.h">
      <Filter>MyPG\Tasks\Game</Filter>
    </ClInclude>
    <ClInclude Include="BChara.h">
      <Filter>MyPG\Tasks\Game</Filter>
    </ClInclude>
    <ClInclude Include="Task_Shot.h">
      <Filter>MyPG\Tasks\Game</Filter>
    </ClInclude>
    <ClInclude Include="Task_DeathEnemy.h">
      <Filter>MyPG\Tasks\Game</Filter>
    </ClInclude>
    <ClInclude Include="EChara.h">
      <Filter>MyPG\Tasks\Game</Filter>
    </ClInclude>
    <ClInclude Include="ImageManager.h">
      <Filter>MyPG\Tasks\Etc</Filter>
    </ClInclude>
    <ClInclude Include="Task_Enemy_Itigo.h">
      <Filter>MyPG\Tasks\Game\Enemy</Filter>
    </ClInclude>
    <ClInclude Include="Task_EnemyManager.h">
      <Filter>MyPG\Tasks\Game\Enemy</Filter>
    </ClInclude>
  </ItemGroup>
  <ItemGroup>
    <None Include="data\Shader\MyStdShader.fx" />
  </ItemGroup>
</Project>